{
  "name": "boson",
  "version": "1.0.0",
  "lockfileVersion": 3,
  "requires": true,
  "packages": {
    "": {
      "name": "boson",
      "version": "1.0.0",
      "license": "MIT",
      "dependencies": {
        "@strudel/core": "^1.2.3",
        "osc-js": "^2.4.1"
      }
    },
    "node_modules/@strudel/core": {
      "version": "1.2.3",
      "resolved": "https://registry.npmjs.org/@strudel/core/-/core-1.2.3.tgz",
      "integrity": "sha512-K+pUG8p8lObl09jVSrSUVddrKb+4Chcs7a9/qANp3DKLyh6AdKf2XuHWlzfqY540oOwh2hHMlKp0KzTpNkKDJw==",
      "license": "AGPL-3.0-or-later",
      "dependencies": {
        "fraction.js": "^5.2.1"
      }
    },
    "node_modules/fraction.js": {
      "version": "5.3.1",
      "resolved": "https://registry.npmjs.org/fraction.js/-/fraction.js-5.3.1.tgz",
      "integrity": "sha512-PhqCuhSKIGbbkJ+cojHv47eEWClU71FIOhiUsYdZYTwhIzCeIN8rXeEjserTvPat5JLJChumn8chHz64WkZgTw==",
      "license": "MIT",
      "engines": {
        "node": "*"
      },
      "funding": {
        "type": "github",
        "url": "https://github.com/sponsors/rawify"
      }
    },
    "node_modules/osc-js": {
      "version": "2.4.1",
      "resolved": "https://registry.npmjs.org/osc-js/-/osc-js-2.4.1.tgz",
      "integrity": "sha512-QlSeRKJclL47FNvO1MUCAAp9frmCF9zcYbnf6R9HpcklAst8ZyX3ISsk1v/Vghr/5GmXn0bhVjFXF9h+hfnl4Q==",
      "license": "MIT",
      "dependencies": {
        "ws": "^8.16.0"
      }
    },
    "node_modules/ws": {
      "version": "8.18.3",
      "resolved": "https://registry.npmjs.org/ws/-/ws-8.18.3.tgz",
      "integrity": "sha512-PEIGCY5tSlUt50cqyMXfCzX+oOPqN0vuGqWzbcJ2xvnkzkq46oOpz7dQaTDBdfICb4N14+GARUDw2XV2N4tvzg==",
      "license": "MIT",
      "engines": {
        "node": ">=10.0.0"
      },
      "peerDependencies": {
        "bufferutil": "^4.0.1",
        "utf-8-validate": ">=5.0.2"
      },
      "peerDependenciesMeta": {
        "bufferutil": {
          "optional": true
        },
        "utf-8-validate": {
          "optional": true
        }
      }
    }
  }
}
